
Microsoft Visual Studio Solution File, Format Version 12.00
# Visual Studio Version 17
VisualStudioVersion = 17.11.35303.130
MinimumVisualStudioVersion = 10.0.40219.1
Project("{FAE04EC0-301F-11D3-BF4B-00C04F79EFBC}") = "CarApp", "CarApp.csproj", "{5A1E7CC2-166C-44FF-9CA8-B1E29A6404F1}"
EndProject
Global
	GlobalSection(SolutionConfigurationPlatforms) = preSolution
		Debug|Any CPU = Debug|Any CPU
		Release|Any CPU = Release|Any CPU
	EndGlobalSection
	GlobalSection(ProjectConfigurationPlatforms) = postSolution
		{5A1E7CC2-166C-44FF-9CA8-B1E29A6404F1}.Debug|Any CPU.ActiveCfg = Debug|Any CPU
		{5A1E7CC2-166C-44FF-9CA8-B1E29A6404F1}.Debug|Any CPU.Build.0 = Debug|Any CPU
		{5A1E7CC2-166C-44FF-9CA8-B1E29A6404F1}.Release|Any CPU.ActiveCfg = Release|Any CPU
		{5A1E7CC2-166C-44FF-9CA8-B1E29A6404F1}.Release|Any CPU.Build.0 = Release|Any CPU
	EndGlobalSection
	GlobalSection(SolutionProperties) = preSolution
		HideSolutionNode = FALSE
	EndGlobalSection
	GlobalSection(ExtensibilityGlobals) = postSolution
		SolutionGuid = {FCC6B982-7D03-46CC-AEF1-91EAB0BC0FF1}
	EndGlobalSection
EndGlobal
